
Microsoft Visual Studio Solution File, Format Version 12.00
# Visual Studio 14
VisualStudioVersion = 14.0.25123.0
MinimumVisualStudioVersion = 10.0.40219.1
Project("{D2ABAB84-BF74-430A-B69E-9DC6D40DDA17}") = "LVcubes", "LVcubes\LVcubes.dwproj", "{D9D757DD-56E6-4D4C-B020-1DC8A6B1F164}"
EndProject
Global
	GlobalSection(SolutionConfigurationPlatforms) = preSolution
		Development|Default = Development|Default
	EndGlobalSection
	GlobalSection(ProjectConfigurationPlatforms) = postSolution
		{D9D757DD-56E6-4D4C-B020-1DC8A6B1F164}.Development|Default.ActiveCfg = Development
		{D9D757DD-56E6-4D4C-B020-1DC8A6B1F164}.Development|Default.Build.0 = Development
		{D9D757DD-56E6-4D4C-B020-1DC8A6B1F164}.Development|Default.Deploy.0 = Development
	EndGlobalSection
	GlobalSection(SolutionProperties) = preSolution
		HideSolutionNode = FALSE
	EndGlobalSection
EndGlobal
